
Microsoft Visual Studio Solution File, Format Version 12.00
# Visual Studio 15
VisualStudioVersion = 15.0.27428.2037
MinimumVisualStudioVersion = 10.0.40219.1
Project("{FAE04EC0-301F-11D3-BF4B-00C04F79EFBC}") = "ContosoUniversity", "ContosoUniversity\ContosoUniversity.csproj", "{ED817B77-3B42-4EE8-A1A2-DBEE559F7A6D}"
EndProject
Global
	GlobalSection(SolutionConfigurationPlatforms) = preSolution
		Debug|Any CPU = Debug|Any CPU
		Release|Any CPU = Release|Any CPU
	EndGlobalSection
	GlobalSection(ProjectConfigurationPlatforms) = postSolution
		{ED817B77-3B42-4EE8-A1A2-DBEE559F7A6D}.Debug|Any CPU.ActiveCfg = Debug|Any CPU
		{ED817B77-3B42-4EE8-A1A2-DBEE559F7A6D}.Debug|Any CPU.Build.0 = Debug|Any CPU
		{ED817B77-3B42-4EE8-A1A2-DBEE559F7A6D}.Release|Any CPU.ActiveCfg = Release|Any CPU
		{ED817B77-3B42-4EE8-A1A2-DBEE559F7A6D}.Release|Any CPU.Build.0 = Release|Any CPU
	EndGlobalSection
	GlobalSection(SolutionProperties) = preSolution
		HideSolutionNode = FALSE
	EndGlobalSection
	GlobalSection(ExtensibilityGlobals) = postSolution
		SolutionGuid = {204F8098-D84A-455A-B89B-54F3270090FF}
	EndGlobalSection
EndGlobal
